
Microsoft Visual Studio Solution File, Format Version 12.00
# Visual Studio Version 16
VisualStudioVersion = 16.0.30804.86
MinimumVisualStudioVersion = 10.0.40219.1
Project("{9A19103F-16F7-4668-BE54-9A1E7A4F7556}") = "API", "API\API.csproj", "{AB1FBB89-571C-41DB-B2FD-45B03DE654DE}"
EndProject
Project("{E24C65DC-7377-472B-9ABA-BC803B73C61A}") = "client", "client\", "{6011C956-54E8-4700-A7CF-CD534D7ACF65}"
	ProjectSection(WebsiteProperties) = preProject
		TargetFrameworkMoniker = ".NETFramework,Version%3Dv4.0"
		Debug.AspNetCompiler.VirtualPath = "/localhost_61536"
		Debug.AspNetCompiler.PhysicalPath = "client\"
		Debug.AspNetCompiler.TargetPath = "PrecompiledWeb\localhost_61536\"
		Debug.AspNetCompiler.Updateable = "true"
		Debug.AspNetCompiler.ForceOverwrite = "true"
		Debug.AspNetCompiler.FixedNames = "false"
		Debug.AspNetCompiler.Debug = "True"
		Release.AspNetCompiler.VirtualPath = "/localhost_61536"
		Release.AspNetCompiler.PhysicalPath = "client\"
		Release.AspNetCompiler.TargetPath = "PrecompiledWeb\localhost_61536\"
		Release.AspNetCompiler.Updateable = "true"
		Release.AspNetCompiler.ForceOverwrite = "true"
		Release.AspNetCompiler.FixedNames = "false"
		Release.AspNetCompiler.Debug = "False"
		VWDPort = "61536"
		SlnRelativePath = "client\"
	EndProjectSection
EndProject
Global
	GlobalSection(SolutionConfigurationPlatforms) = preSolution
		Debug|Any CPU = Debug|Any CPU
		Release|Any CPU = Release|Any CPU
	EndGlobalSection
	GlobalSection(ProjectConfigurationPlatforms) = postSolution
		{AB1FBB89-571C-41DB-B2FD-45B03DE654DE}.Debug|Any CPU.ActiveCfg = Debug|Any CPU
		{AB1FBB89-571C-41DB-B2FD-45B03DE654DE}.Debug|Any CPU.Build.0 = Debug|Any CPU
		{AB1FBB89-571C-41DB-B2FD-45B03DE654DE}.Release|Any CPU.ActiveCfg = Release|Any CPU
		{AB1FBB89-571C-41DB-B2FD-45B03DE654DE}.Release|Any CPU.Build.0 = Release|Any CPU
		{6011C956-54E8-4700-A7CF-CD534D7ACF65}.Debug|Any CPU.ActiveCfg = Debug|Any CPU
		{6011C956-54E8-4700-A7CF-CD534D7ACF65}.Debug|Any CPU.Build.0 = Debug|Any CPU
		{6011C956-54E8-4700-A7CF-CD534D7ACF65}.Release|Any CPU.ActiveCfg = Debug|Any CPU
		{6011C956-54E8-4700-A7CF-CD534D7ACF65}.Release|Any CPU.Build.0 = Debug|Any CPU
	EndGlobalSection
	GlobalSection(SolutionProperties) = preSolution
		HideSolutionNode = FALSE
	EndGlobalSection
	GlobalSection(ExtensibilityGlobals) = postSolution
		SolutionGuid = {FC41BB75-D005-4520-8A96-FEE1DF36334F}
	EndGlobalSection
EndGlobal
